Microsoft Visual Studio Solution File, Format Version 12.00
# Visual Studio 2012
Project("{FAE04EC0-301F-11D3-BF4B-00C04F79EFBC}") = "Chase the Creeps", "Chase the Creeps.csproj", "{851CC7BA-6A7F-40BC-B0F3-0CCE04BABB37}"
EndProject
Global
	GlobalSection(SolutionConfigurationPlatforms) = preSolution
	Debug|Any CPU = Debug|Any CPU
	ExportDebug|Any CPU = ExportDebug|Any CPU
	ExportRelease|Any CPU = ExportRelease|Any CPU
	EndGlobalSection
	GlobalSection(ProjectConfigurationPlatforms) = postSolution
		{851CC7BA-6A7F-40BC-B0F3-0CCE04BABB37}.Debug|Any CPU.ActiveCfg = Debug|Any CPU
		{851CC7BA-6A7F-40BC-B0F3-0CCE04BABB37}.Debug|Any CPU.Build.0 = Debug|Any CPU
		{851CC7BA-6A7F-40BC-B0F3-0CCE04BABB37}.ExportDebug|Any CPU.ActiveCfg = ExportDebug|Any CPU
		{851CC7BA-6A7F-40BC-B0F3-0CCE04BABB37}.ExportDebug|Any CPU.Build.0 = ExportDebug|Any CPU
		{851CC7BA-6A7F-40BC-B0F3-0CCE04BABB37}.ExportRelease|Any CPU.ActiveCfg = ExportRelease|Any CPU
		{851CC7BA-6A7F-40BC-B0F3-0CCE04BABB37}.ExportRelease|Any CPU.Build.0 = ExportRelease|Any CPU
	EndGlobalSection
EndGlobal
